
Microsoft Visual Studio Solution File, Format Version 12.00
Project("{FAE04EC0-301F-11D3-BF4B-00C04F79EFBC}") = "BibSharp", "BibSharp\BibSharp.csproj", "{8ED37D99-68FD-47C1-82B0-32AAEBA27A14}"
EndProject
Project("{FAE04EC0-301F-11D3-BF4B-00C04F79EFBC}") = "BibSharp.Demo", "BibSharp.Demo\BibSharp.Demo.csproj", "{DCCD1D44-CB8C-41FC-9145-EE09E953E4A6}"
EndProject
Project("{FAE04EC0-301F-11D3-BF4B-00C04F79EFBC}") = "BibSharp.Tests", "BibSharp.Tests\BibSharp.Tests.csproj", "{93A2006C-D4F2-4A46-AB8D-D8C711BB0BC3}"
EndProject
Global
	GlobalSection(SolutionConfigurationPlatforms) = preSolution
		Debug|Any CPU = Debug|Any CPU
		Release|Any CPU = Release|Any CPU
	EndGlobalSection
	GlobalSection(ProjectConfigurationPlatforms) = postSolution
		{8ED37D99-68FD-47C1-82B0-32AAEBA27A14}.Debug|Any CPU.ActiveCfg = Debug|Any CPU
		{8ED37D99-68FD-47C1-82B0-32AAEBA27A14}.Debug|Any CPU.Build.0 = Debug|Any CPU
		{8ED37D99-68FD-47C1-82B0-32AAEBA27A14}.Release|Any CPU.ActiveCfg = Release|Any CPU
		{8ED37D99-68FD-47C1-82B0-32AAEBA27A14}.Release|Any CPU.Build.0 = Release|Any CPU
		{DCCD1D44-CB8C-41FC-9145-EE09E953E4A6}.Debug|Any CPU.ActiveCfg = Debug|Any CPU
		{DCCD1D44-CB8C-41FC-9145-EE09E953E4A6}.Debug|Any CPU.Build.0 = Debug|Any CPU
		{DCCD1D44-CB8C-41FC-9145-EE09E953E4A6}.Release|Any CPU.ActiveCfg = Release|Any CPU
		{DCCD1D44-CB8C-41FC-9145-EE09E953E4A6}.Release|Any CPU.Build.0 = Release|Any CPU
		{93A2006C-D4F2-4A46-AB8D-D8C711BB0BC3}.Debug|Any CPU.ActiveCfg = Debug|Any CPU
		{93A2006C-D4F2-4A46-AB8D-D8C711BB0BC3}.Debug|Any CPU.Build.0 = Debug|Any CPU
		{93A2006C-D4F2-4A46-AB8D-D8C711BB0BC3}.Release|Any CPU.ActiveCfg = Release|Any CPU
		{93A2006C-D4F2-4A46-AB8D-D8C711BB0BC3}.Release|Any CPU.Build.0 = Release|Any CPU
	EndGlobalSection
EndGlobal
